
Microsoft Visual Studio Solution File, Format Version 12.00
# Visual Studio 14
VisualStudioVersion = 14.0.25420.1
MinimumVisualStudioVersion = 10.0.40219.1
Project("{FAE04EC0-301F-11D3-BF4B-00C04F79EFBC}") = "01", "01\01.csproj", "{9ADDA646-947A-4274-A435-4EE63DF38BDC}"
EndProject
Project("{FAE04EC0-301F-11D3-BF4B-00C04F79EFBC}") = "02", "02\02.csproj", "{FD4DB076-8184-4C22-BF6C-AC05F2243EED}"
EndProject
Project("{FAE04EC0-301F-11D3-BF4B-00C04F79EFBC}") = "03", "03\03.csproj", "{4E7B9982-175F-4B6E-8604-1964978599B4}"
EndProject
Project("{FAE04EC0-301F-11D3-BF4B-00C04F79EFBC}") = "04", "04\04.csproj", "{E3C87640-A9AB-4D8B-8CDD-D9FE37DEE441}"
EndProject
Project("{FAE04EC0-301F-11D3-BF4B-00C04F79EFBC}") = "05", "05\05.csproj", "{F33828C6-E358-4D47-955F-CE43F09912F6}"
EndProject
Project("{FAE04EC0-301F-11D3-BF4B-00C04F79EFBC}") = "06", "06\06.csproj", "{8F8B6B7F-4C59-4C74-A0DC-7AF0C8B06FF0}"
EndProject
Project("{FAE04EC0-301F-11D3-BF4B-00C04F79EFBC}") = "07", "07\07.csproj", "{A570CA1E-F5BA-406A-AA3D-0DF06108E784}"
EndProject
Project("{FAE04EC0-301F-11D3-BF4B-00C04F79EFBC}") = "08", "08\08.csproj", "{036E7647-FBD1-46CE-A826-E47DA2DFEAA9}"
EndProject
Project("{FAE04EC0-301F-11D3-BF4B-00C04F79EFBC}") = "09", "09\09.csproj", "{62ACF4D3-C7A8-4BA3-B1B4-5E5343CFB41E}"
EndProject
Project("{FAE04EC0-301F-11D3-BF4B-00C04F79EFBC}") = "10", "10\10.csproj", "{658B7778-F6E1-43A6-9F2D-E5110DF23B80}"
EndProject
Project("{FAE04EC0-301F-11D3-BF4B-00C04F79EFBC}") = "11", "11\11.csproj", "{8EC686B6-B8D9-480D-8FEB-A6E2AE3B7011}"
EndProject
Project("{FAE04EC0-301F-11D3-BF4B-00C04F79EFBC}") = "12", "12\12.csproj", "{6B02520B-8BD5-4B9E-8BBC-EEB021FC5E5A}"
EndProject
Project("{FAE04EC0-301F-11D3-BF4B-00C04F79EFBC}") = "13", "13\13.csproj", "{2B2D773F-97E9-4FA3-8320-17AEF28E8250}"
EndProject
Global
	GlobalSection(SolutionConfigurationPlatforms) = preSolution
		Debug|Any CPU = Debug|Any CPU
		Release|Any CPU = Release|Any CPU
	EndGlobalSection
	GlobalSection(ProjectConfigurationPlatforms) = postSolution
		{9ADDA646-947A-4274-A435-4EE63DF38BDC}.Debug|Any CPU.ActiveCfg = Debug|Any CPU
		{9ADDA646-947A-4274-A435-4EE63DF38BDC}.Debug|Any CPU.Build.0 = Debug|Any CPU
		{9ADDA646-947A-4274-A435-4EE63DF38BDC}.Release|Any CPU.ActiveCfg = Release|Any CPU
		{9ADDA646-947A-4274-A435-4EE63DF38BDC}.Release|Any CPU.Build.0 = Release|Any CPU
		{FD4DB076-8184-4C22-BF6C-AC05F2243EED}.Debug|Any CPU.ActiveCfg = Debug|Any CPU
		{FD4DB076-8184-4C22-BF6C-AC05F2243EED}.Debug|Any CPU.Build.0 = Debug|Any CPU
		{FD4DB076-8184-4C22-BF6C-AC05F2243EED}.Release|Any CPU.ActiveCfg = Release|Any CPU
		{FD4DB076-8184-4C22-BF6C-AC05F2243EED}.Release|Any CPU.Build.0 = Release|Any CPU
		{4E7B9982-175F-4B6E-8604-1964978599B4}.Debug|Any CPU.ActiveCfg = Debug|Any CPU
		{4E7B9982-175F-4B6E-8604-1964978599B4}.Debug|Any CPU.Build.0 = Debug|Any CPU
		{4E7B9982-175F-4B6E-8604-1964978599B4}.Release|Any CPU.ActiveCfg = Release|Any CPU
		{4E7B9982-175F-4B6E-8604-1964978599B4}.Release|Any CPU.Build.0 = Release|Any CPU
		{E3C87640-A9AB-4D8B-8CDD-D9FE37DEE441}.Debug|Any CPU.ActiveCfg = Debug|Any CPU
		{E3C87640-A9AB-4D8B-8CDD-D9FE37DEE441}.Debug|Any CPU.Build.0 = Debug|Any CPU
		{E3C87640-A9AB-4D8B-8CDD-D9FE37DEE441}.Release|Any CPU.ActiveCfg = Release|Any CPU
		{E3C87640-A9AB-4D8B-8CDD-D9FE37DEE441}.Release|Any CPU.Build.0 = Release|Any CPU
		{F33828C6-E358-4D47-955F-CE43F09912F6}.Debug|Any CPU.ActiveCfg = Debug|Any CPU
		{F33828C6-E358-4D47-955F-CE43F09912F6}.Debug|Any CPU.Build.0 = Debug|Any CPU
		{F33828C6-E358-4D47-955F-CE43F09912F6}.Release|Any CPU.ActiveCfg = Release|Any CPU
		{F33828C6-E358-4D47-955F-CE43F09912F6}.Release|Any CPU.Build.0 = Release|Any CPU
		{8F8B6B7F-4C59-4C74-A0DC-7AF0C8B06FF0}.Debug|Any CPU.ActiveCfg = Debug|Any CPU
		{8F8B6B7F-4C59-4C74-A0DC-7AF0C8B06FF0}.Debug|Any CPU.Build.0 = Debug|Any CPU
		{8F8B6B7F-4C59-4C74-A0DC-7AF0C8B06FF0}.Release|Any CPU.ActiveCfg = Release|Any CPU
		{8F8B6B7F-4C59-4C74-A0DC-7AF0C8B06FF0}.Release|Any CPU.Build.0 = Release|Any CPU
		{A570CA1E-F5BA-406A-AA3D-0DF06108E784}.Debug|Any CPU.ActiveCfg = Debug|Any CPU
		{A570CA1E-F5BA-406A-AA3D-0DF06108E784}.Debug|Any CPU.Build.0 = Debug|Any CPU
		{A570CA1E-F5BA-406A-AA3D-0DF06108E784}.Release|Any CPU.ActiveCfg = Release|Any CPU
		{A570CA1E-F5BA-406A-AA3D-0DF06108E784}.Release|Any CPU.Build.0 = Release|Any CPU
		{036E7647-FBD1-46CE-A826-E47DA2DFEAA9}.Debug|Any CPU.ActiveCfg = Debug|Any CPU
		{036E7647-FBD1-46CE-A826-E47DA2DFEAA9}.Debug|Any CPU.Build.0 = Debug|Any CPU
		{036E7647-FBD1-46CE-A826-E47DA2DFEAA9}.Release|Any CPU.ActiveCfg = Release|Any CPU
		{036E7647-FBD1-46CE-A826-E47DA2DFEAA9}.Release|Any CPU.Build.0 = Release|Any CPU
		{62ACF4D3-C7A8-4BA3-B1B4-5E5343CFB41E}.Debug|Any CPU.ActiveCfg = Debug|Any CPU
		{62ACF4D3-C7A8-4BA3-B1B4-5E5343CFB41E}.Debug|Any CPU.Build.0 = Debug|Any CPU
		{62ACF4D3-C7A8-4BA3-B1B4-5E5343CFB41E}.Release|Any CPU.ActiveCfg = Release|Any CPU
		{62ACF4D3-C7A8-4BA3-B1B4-5E5343CFB41E}.Release|Any CPU.Build.0 = Release|Any CPU
		{658B7778-F6E1-43A6-9F2D-E5110DF23B80}.Debug|Any CPU.ActiveCfg = Debug|Any CPU
		{658B7778-F6E1-43A6-9F2D-E5110DF23B80}.Debug|Any CPU.Build.0 = Debug|Any CPU
		{658B7778-F6E1-43A6-9F2D-E5110DF23B80}.Release|Any CPU.ActiveCfg = Release|Any CPU
		{658B7778-F6E1-43A6-9F2D-E5110DF23B80}.Release|Any CPU.Build.0 = Release|Any CPU
		{8EC686B6-B8D9-480D-8FEB-A6E2AE3B7011}.Debug|Any CPU.ActiveCfg = Debug|Any CPU
		{8EC686B6-B8D9-480D-8FEB-A6E2AE3B7011}.Debug|Any CPU.Build.0 = Debug|Any CPU
		{8EC686B6-B8D9-480D-8FEB-A6E2AE3B7011}.Release|Any CPU.ActiveCfg = Release|Any CPU
		{8EC686B6-B8D9-480D-8FEB-A6E2AE3B7011}.Release|Any CPU.Build.0 = Release|Any CPU
		{6B02520B-8BD5-4B9E-8BBC-EEB021FC5E5A}.Debug|Any CPU.ActiveCfg = Debug|Any CPU
		{6B02520B-8BD5-4B9E-8BBC-EEB021FC5E5A}.Debug|Any CPU.Build.0 = Debug|Any CPU
		{6B02520B-8BD5-4B9E-8BBC-EEB021FC5E5A}.Release|Any CPU.ActiveCfg = Release|Any CPU
		{6B02520B-8BD5-4B9E-8BBC-EEB021FC5E5A}.Release|Any CPU.Build.0 = Release|Any CPU
		{2B2D773F-97E9-4FA3-8320-17AEF28E8250}.Debug|Any CPU.ActiveCfg = Debug|Any CPU
		{2B2D773F-97E9-4FA3-8320-17AEF28E8250}.Debug|Any CPU.Build.0 = Debug|Any CPU
		{2B2D773F-97E9-4FA3-8320-17AEF28E8250}.Release|Any CPU.ActiveCfg = Release|Any CPU
		{2B2D773F-97E9-4FA3-8320-17AEF28E8250}.Release|Any CPU.Build.0 = Release|Any CPU
	EndGlobalSection
	GlobalSection(SolutionProperties) = preSolution
		HideSolutionNode = FALSE
	EndGlobalSection
EndGlobal
